
Microsoft Visual Studio Solution File, Format Version 12.00
# Visual Studio Version 16
VisualStudioVersion = 16.0.29613.14
MinimumVisualStudioVersion = 10.0.40219.1
Project("{FAE04EC0-301F-11D3-BF4B-00C04F79EFBC}") = "VariablesWithDataTypes", "VariablesWithDataTypes.csproj", "{56142AFF-B47E-451C-81CD-4D9A8C89C350}"
EndProject
Global
	GlobalSection(SolutionConfigurationPlatforms) = preSolution
		Debug|Any CPU = Debug|Any CPU
		Release|Any CPU = Release|Any CPU
	EndGlobalSection
	GlobalSection(ProjectConfigurationPlatforms) = postSolution
		{56142AFF-B47E-451C-81CD-4D9A8C89C350}.Debug|Any CPU.ActiveCfg = Debug|Any CPU
		{56142AFF-B47E-451C-81CD-4D9A8C89C350}.Debug|Any CPU.Build.0 = Debug|Any CPU
		{56142AFF-B47E-451C-81CD-4D9A8C89C350}.Release|Any CPU.ActiveCfg = Release|Any CPU
		{56142AFF-B47E-451C-81CD-4D9A8C89C350}.Release|Any CPU.Build.0 = Release|Any CPU
	EndGlobalSection
	GlobalSection(SolutionProperties) = preSolution
		HideSolutionNode = FALSE
	EndGlobalSection
	GlobalSection(ExtensibilityGlobals) = postSolution
		SolutionGuid = {D9BCB91A-019B-461A-A703-B1160DC6BB33}
	EndGlobalSection
EndGlobal
