
Microsoft Visual Studio Solution File, Format Version 12.00
# Visual Studio Version 16
VisualStudioVersion = 16.0.29613.14
MinimumVisualStudioVersion = 10.0.40219.1
Project("{FAE04EC0-301F-11D3-BF4B-00C04F79EFBC}") = "HandsonConversions", "HandsonConversions.csproj", "{110EA088-BDEA-44DF-9AF5-EB0C900853BF}"
EndProject
Global
	GlobalSection(SolutionConfigurationPlatforms) = preSolution
		Debug|Any CPU = Debug|Any CPU
		Release|Any CPU = Release|Any CPU
	EndGlobalSection
	GlobalSection(ProjectConfigurationPlatforms) = postSolution
		{110EA088-BDEA-44DF-9AF5-EB0C900853BF}.Debug|Any CPU.ActiveCfg = Debug|Any CPU
		{110EA088-BDEA-44DF-9AF5-EB0C900853BF}.Debug|Any CPU.Build.0 = Debug|Any CPU
		{110EA088-BDEA-44DF-9AF5-EB0C900853BF}.Release|Any CPU.ActiveCfg = Release|Any CPU
		{110EA088-BDEA-44DF-9AF5-EB0C900853BF}.Release|Any CPU.Build.0 = Release|Any CPU
	EndGlobalSection
	GlobalSection(SolutionProperties) = preSolution
		HideSolutionNode = FALSE
	EndGlobalSection
	GlobalSection(ExtensibilityGlobals) = postSolution
		SolutionGuid = {5A76B95B-318B-48CB-90AD-7993A85676BE}
	EndGlobalSection
EndGlobal
