
Microsoft Visual Studio Solution File, Format Version 12.00
# Visual Studio Version 16
VisualStudioVersion = 16.0.29613.14
MinimumVisualStudioVersion = 10.0.40219.1
Project("{FAE04EC0-301F-11D3-BF4B-00C04F79EFBC}") = "DockerApp", "DockerApp\DockerApp.csproj", "{20C2FAE5-6BFE-466A-BF68-364BCCB71BCD}"
EndProject
Global
	GlobalSection(SolutionConfigurationPlatforms) = preSolution
		Debug|Any CPU = Debug|Any CPU
		Release|Any CPU = Release|Any CPU
	EndGlobalSection
	GlobalSection(ProjectConfigurationPlatforms) = postSolution
		{20C2FAE5-6BFE-466A-BF68-364BCCB71BCD}.Debug|Any CPU.ActiveCfg = Debug|Any CPU
		{20C2FAE5-6BFE-466A-BF68-364BCCB71BCD}.Debug|Any CPU.Build.0 = Debug|Any CPU
		{20C2FAE5-6BFE-466A-BF68-364BCCB71BCD}.Release|Any CPU.ActiveCfg = Release|Any CPU
		{20C2FAE5-6BFE-466A-BF68-364BCCB71BCD}.Release|Any CPU.Build.0 = Release|Any CPU
	EndGlobalSection
	GlobalSection(SolutionProperties) = preSolution
		HideSolutionNode = FALSE
	EndGlobalSection
	GlobalSection(ExtensibilityGlobals) = postSolution
		SolutionGuid = {C8829010-1E92-446E-A49A-FEE6C48678E5}
	EndGlobalSection
EndGlobal
