
Microsoft Visual Studio Solution File, Format Version 12.00
# Visual Studio Version 16
VisualStudioVersion = 16.0.29613.14
MinimumVisualStudioVersion = 10.0.40219.1
Project("{FAE04EC0-301F-11D3-BF4B-00C04F79EFBC}") = "Bankk", "Bankk.csproj", "{032DA05F-C784-47DA-B43F-352CCC071474}"
EndProject
Global
	GlobalSection(SolutionConfigurationPlatforms) = preSolution
		Debug|Any CPU = Debug|Any CPU
		Release|Any CPU = Release|Any CPU
	EndGlobalSection
	GlobalSection(ProjectConfigurationPlatforms) = postSolution
		{032DA05F-C784-47DA-B43F-352CCC071474}.Debug|Any CPU.ActiveCfg = Debug|Any CPU
		{032DA05F-C784-47DA-B43F-352CCC071474}.Debug|Any CPU.Build.0 = Debug|Any CPU
		{032DA05F-C784-47DA-B43F-352CCC071474}.Release|Any CPU.ActiveCfg = Release|Any CPU
		{032DA05F-C784-47DA-B43F-352CCC071474}.Release|Any CPU.Build.0 = Release|Any CPU
	EndGlobalSection
	GlobalSection(SolutionProperties) = preSolution
		HideSolutionNode = FALSE
	EndGlobalSection
	GlobalSection(ExtensibilityGlobals) = postSolution
		SolutionGuid = {B34D2210-EC78-41B4-92C8-E6C77DA633F4}
	EndGlobalSection
EndGlobal
