
Microsoft Visual Studio Solution File, Format Version 12.00
# Visual Studio Version 16
VisualStudioVersion = 16.0.29613.14
MinimumVisualStudioVersion = 10.0.40219.1
Project("{FAE04EC0-301F-11D3-BF4B-00C04F79EFBC}") = "HtmlAss", "HtmlAss.csproj", "{194F48C5-51C6-410E-876F-88F8ED773095}"
EndProject
Global
	GlobalSection(SolutionConfigurationPlatforms) = preSolution
		Debug|Any CPU = Debug|Any CPU
		Release|Any CPU = Release|Any CPU
	EndGlobalSection
	GlobalSection(ProjectConfigurationPlatforms) = postSolution
		{194F48C5-51C6-410E-876F-88F8ED773095}.Debug|Any CPU.ActiveCfg = Debug|Any CPU
		{194F48C5-51C6-410E-876F-88F8ED773095}.Debug|Any CPU.Build.0 = Debug|Any CPU
		{194F48C5-51C6-410E-876F-88F8ED773095}.Release|Any CPU.ActiveCfg = Release|Any CPU
		{194F48C5-51C6-410E-876F-88F8ED773095}.Release|Any CPU.Build.0 = Release|Any CPU
	EndGlobalSection
	GlobalSection(SolutionProperties) = preSolution
		HideSolutionNode = FALSE
	EndGlobalSection
	GlobalSection(ExtensibilityGlobals) = postSolution
		SolutionGuid = {1B923120-61BC-4701-ACF1-72E263EB622D}
	EndGlobalSection
EndGlobal
