
Microsoft Visual Studio Solution File, Format Version 12.00
# Visual Studio Version 16
VisualStudioVersion = 16.0.29613.14
MinimumVisualStudioVersion = 10.0.40219.1
Project("{FAE04EC0-301F-11D3-BF4B-00C04F79EFBC}") = "Indexer", "Indexer.csproj", "{EC55DE7B-B814-4B86-914D-5CA28D5B1FD7}"
EndProject
Global
	GlobalSection(SolutionConfigurationPlatforms) = preSolution
		Debug|Any CPU = Debug|Any CPU
		Release|Any CPU = Release|Any CPU
	EndGlobalSection
	GlobalSection(ProjectConfigurationPlatforms) = postSolution
		{EC55DE7B-B814-4B86-914D-5CA28D5B1FD7}.Debug|Any CPU.ActiveCfg = Debug|Any CPU
		{EC55DE7B-B814-4B86-914D-5CA28D5B1FD7}.Debug|Any CPU.Build.0 = Debug|Any CPU
		{EC55DE7B-B814-4B86-914D-5CA28D5B1FD7}.Release|Any CPU.ActiveCfg = Release|Any CPU
		{EC55DE7B-B814-4B86-914D-5CA28D5B1FD7}.Release|Any CPU.Build.0 = Release|Any CPU
	EndGlobalSection
	GlobalSection(SolutionProperties) = preSolution
		HideSolutionNode = FALSE
	EndGlobalSection
	GlobalSection(ExtensibilityGlobals) = postSolution
		SolutionGuid = {9E233B4F-6287-416C-9050-42429E7E4FE1}
	EndGlobalSection
EndGlobal
