
Microsoft Visual Studio Solution File, Format Version 12.00
# Visual Studio Version 16
VisualStudioVersion = 16.0.29613.14
MinimumVisualStudioVersion = 10.0.40219.1
Project("{FAE04EC0-301F-11D3-BF4B-00C04F79EFBC}") = "InstanceAssign", "InstanceAssign.csproj", "{37C1A335-EDDF-4FFE-AEB2-FEB56AA836B0}"
EndProject
Global
	GlobalSection(SolutionConfigurationPlatforms) = preSolution
		Debug|Any CPU = Debug|Any CPU
		Release|Any CPU = Release|Any CPU
	EndGlobalSection
	GlobalSection(ProjectConfigurationPlatforms) = postSolution
		{37C1A335-EDDF-4FFE-AEB2-FEB56AA836B0}.Debug|Any CPU.ActiveCfg = Debug|Any CPU
		{37C1A335-EDDF-4FFE-AEB2-FEB56AA836B0}.Debug|Any CPU.Build.0 = Debug|Any CPU
		{37C1A335-EDDF-4FFE-AEB2-FEB56AA836B0}.Release|Any CPU.ActiveCfg = Release|Any CPU
		{37C1A335-EDDF-4FFE-AEB2-FEB56AA836B0}.Release|Any CPU.Build.0 = Release|Any CPU
	EndGlobalSection
	GlobalSection(SolutionProperties) = preSolution
		HideSolutionNode = FALSE
	EndGlobalSection
	GlobalSection(ExtensibilityGlobals) = postSolution
		SolutionGuid = {03D4EA98-7AC7-48CC-9792-DF43B60A112E}
	EndGlobalSection
EndGlobal
