
Microsoft Visual Studio Solution File, Format Version 12.00
# Visual Studio Version 16
VisualStudioVersion = 16.0.29613.14
MinimumVisualStudioVersion = 10.0.40219.1
Project("{FAE04EC0-301F-11D3-BF4B-00C04F79EFBC}") = "Features", "Features.csproj", "{6C67CC21-E2F3-4DFF-A57E-F406A91CC7E1}"
EndProject
Global
	GlobalSection(SolutionConfigurationPlatforms) = preSolution
		Debug|Any CPU = Debug|Any CPU
		Release|Any CPU = Release|Any CPU
	EndGlobalSection
	GlobalSection(ProjectConfigurationPlatforms) = postSolution
		{6C67CC21-E2F3-4DFF-A57E-F406A91CC7E1}.Debug|Any CPU.ActiveCfg = Debug|Any CPU
		{6C67CC21-E2F3-4DFF-A57E-F406A91CC7E1}.Debug|Any CPU.Build.0 = Debug|Any CPU
		{6C67CC21-E2F3-4DFF-A57E-F406A91CC7E1}.Release|Any CPU.ActiveCfg = Release|Any CPU
		{6C67CC21-E2F3-4DFF-A57E-F406A91CC7E1}.Release|Any CPU.Build.0 = Release|Any CPU
	EndGlobalSection
	GlobalSection(SolutionProperties) = preSolution
		HideSolutionNode = FALSE
	EndGlobalSection
	GlobalSection(ExtensibilityGlobals) = postSolution
		SolutionGuid = {7BFF5197-01C5-4928-912A-DFF533AFAF28}
	EndGlobalSection
EndGlobal
