
Microsoft Visual Studio Solution File, Format Version 12.00
# Visual Studio Version 16
VisualStudioVersion = 16.0.29613.14
MinimumVisualStudioVersion = 10.0.40219.1
Project("{FAE04EC0-301F-11D3-BF4B-00C04F79EFBC}") = "Collections", "Collections.csproj", "{0C2DEEB5-2E3A-47B8-8CCF-9255E015E634}"
EndProject
Global
	GlobalSection(SolutionConfigurationPlatforms) = preSolution
		Debug|Any CPU = Debug|Any CPU
		Release|Any CPU = Release|Any CPU
	EndGlobalSection
	GlobalSection(ProjectConfigurationPlatforms) = postSolution
		{0C2DEEB5-2E3A-47B8-8CCF-9255E015E634}.Debug|Any CPU.ActiveCfg = Debug|Any CPU
		{0C2DEEB5-2E3A-47B8-8CCF-9255E015E634}.Debug|Any CPU.Build.0 = Debug|Any CPU
		{0C2DEEB5-2E3A-47B8-8CCF-9255E015E634}.Release|Any CPU.ActiveCfg = Release|Any CPU
		{0C2DEEB5-2E3A-47B8-8CCF-9255E015E634}.Release|Any CPU.Build.0 = Release|Any CPU
	EndGlobalSection
	GlobalSection(SolutionProperties) = preSolution
		HideSolutionNode = FALSE
	EndGlobalSection
	GlobalSection(ExtensibilityGlobals) = postSolution
		SolutionGuid = {8B982649-BAC8-4A4F-87DF-1CB12BE35431}
	EndGlobalSection
EndGlobal
