
Microsoft Visual Studio Solution File, Format Version 12.00
# Visual Studio Version 16
VisualStudioVersion = 16.0.29613.14
MinimumVisualStudioVersion = 10.0.40219.1
Project("{FAE04EC0-301F-11D3-BF4B-00C04F79EFBC}") = "Action", "Action.csproj", "{6F8AB149-D8F2-4407-B2ED-C1CD061C2594}"
EndProject
Global
	GlobalSection(SolutionConfigurationPlatforms) = preSolution
		Debug|Any CPU = Debug|Any CPU
		Release|Any CPU = Release|Any CPU
	EndGlobalSection
	GlobalSection(ProjectConfigurationPlatforms) = postSolution
		{6F8AB149-D8F2-4407-B2ED-C1CD061C2594}.Debug|Any CPU.ActiveCfg = Debug|Any CPU
		{6F8AB149-D8F2-4407-B2ED-C1CD061C2594}.Debug|Any CPU.Build.0 = Debug|Any CPU
		{6F8AB149-D8F2-4407-B2ED-C1CD061C2594}.Release|Any CPU.ActiveCfg = Release|Any CPU
		{6F8AB149-D8F2-4407-B2ED-C1CD061C2594}.Release|Any CPU.Build.0 = Release|Any CPU
	EndGlobalSection
	GlobalSection(SolutionProperties) = preSolution
		HideSolutionNode = FALSE
	EndGlobalSection
	GlobalSection(ExtensibilityGlobals) = postSolution
		SolutionGuid = {4E6BDBD8-C421-46C3-AE91-56225AF98CAD}
	EndGlobalSection
EndGlobal
