
Microsoft Visual Studio Solution File, Format Version 12.00
# Visual Studio Version 16
VisualStudioVersion = 16.0.29613.14
MinimumVisualStudioVersion = 10.0.40219.1
Project("{FAE04EC0-301F-11D3-BF4B-00C04F79EFBC}") = "CrudEF", "CrudEF.csproj", "{FDEE379B-2932-463F-A6FC-A767F749FE83}"
EndProject
Global
	GlobalSection(SolutionConfigurationPlatforms) = preSolution
		Debug|Any CPU = Debug|Any CPU
		Release|Any CPU = Release|Any CPU
	EndGlobalSection
	GlobalSection(ProjectConfigurationPlatforms) = postSolution
		{FDEE379B-2932-463F-A6FC-A767F749FE83}.Debug|Any CPU.ActiveCfg = Debug|Any CPU
		{FDEE379B-2932-463F-A6FC-A767F749FE83}.Debug|Any CPU.Build.0 = Debug|Any CPU
		{FDEE379B-2932-463F-A6FC-A767F749FE83}.Release|Any CPU.ActiveCfg = Release|Any CPU
		{FDEE379B-2932-463F-A6FC-A767F749FE83}.Release|Any CPU.Build.0 = Release|Any CPU
	EndGlobalSection
	GlobalSection(SolutionProperties) = preSolution
		HideSolutionNode = FALSE
	EndGlobalSection
	GlobalSection(ExtensibilityGlobals) = postSolution
		SolutionGuid = {4E834B11-45A6-483E-BCC4-72C61B9E9BCA}
	EndGlobalSection
EndGlobal
