
Microsoft Visual Studio Solution File, Format Version 12.00
# Visual Studio Version 16
VisualStudioVersion = 16.0.29613.14
MinimumVisualStudioVersion = 10.0.40219.1
Project("{FAE04EC0-301F-11D3-BF4B-00C04F79EFBC}") = "OperatorsHandson", "OperatorsHandson.csproj", "{EBE6501C-2983-48DC-8568-9A0BC1F82842}"
EndProject
Global
	GlobalSection(SolutionConfigurationPlatforms) = preSolution
		Debug|Any CPU = Debug|Any CPU
		Release|Any CPU = Release|Any CPU
	EndGlobalSection
	GlobalSection(ProjectConfigurationPlatforms) = postSolution
		{EBE6501C-2983-48DC-8568-9A0BC1F82842}.Debug|Any CPU.ActiveCfg = Debug|Any CPU
		{EBE6501C-2983-48DC-8568-9A0BC1F82842}.Debug|Any CPU.Build.0 = Debug|Any CPU
		{EBE6501C-2983-48DC-8568-9A0BC1F82842}.Release|Any CPU.ActiveCfg = Release|Any CPU
		{EBE6501C-2983-48DC-8568-9A0BC1F82842}.Release|Any CPU.Build.0 = Release|Any CPU
	EndGlobalSection
	GlobalSection(SolutionProperties) = preSolution
		HideSolutionNode = FALSE
	EndGlobalSection
	GlobalSection(ExtensibilityGlobals) = postSolution
		SolutionGuid = {29D7599E-0CA1-4850-AA0F-8327C41E9123}
	EndGlobalSection
EndGlobal
