
Microsoft Visual Studio Solution File, Format Version 12.00
# Visual Studio Version 16
VisualStudioVersion = 16.0.29613.14
MinimumVisualStudioVersion = 10.0.40219.1
Project("{FAE04EC0-301F-11D3-BF4B-00C04F79EFBC}") = "Partial", "Partial.csproj", "{B1F23C78-6FF4-4D5F-ACF9-E2989C4B8C18}"
EndProject
Global
	GlobalSection(SolutionConfigurationPlatforms) = preSolution
		Debug|Any CPU = Debug|Any CPU
		Release|Any CPU = Release|Any CPU
	EndGlobalSection
	GlobalSection(ProjectConfigurationPlatforms) = postSolution
		{B1F23C78-6FF4-4D5F-ACF9-E2989C4B8C18}.Debug|Any CPU.ActiveCfg = Debug|Any CPU
		{B1F23C78-6FF4-4D5F-ACF9-E2989C4B8C18}.Debug|Any CPU.Build.0 = Debug|Any CPU
		{B1F23C78-6FF4-4D5F-ACF9-E2989C4B8C18}.Release|Any CPU.ActiveCfg = Release|Any CPU
		{B1F23C78-6FF4-4D5F-ACF9-E2989C4B8C18}.Release|Any CPU.Build.0 = Release|Any CPU
	EndGlobalSection
	GlobalSection(SolutionProperties) = preSolution
		HideSolutionNode = FALSE
	EndGlobalSection
	GlobalSection(ExtensibilityGlobals) = postSolution
		SolutionGuid = {78BE4174-11A7-494E-A0C7-98D49942C9BE}
	EndGlobalSection
EndGlobal
